
Microsoft Visual Studio Solution File, Format Version 12.00
# Visual Studio Version 17
VisualStudioVersion = 17.2.32602.215
MinimumVisualStudioVersion = 10.0.40219.1
Project("{FAE04EC0-301F-11D3-BF4B-00C04F79EFBC}") = "timeline.api", "timeline.api\timeline.api.csproj", "{3A6DB945-41DE-4F56-A6FE-F234E415D878}"
EndProject
Project("{FAE04EC0-301F-11D3-BF4B-00C04F79EFBC}") = "timeline.domain", "timeline.domain\timeline.domain.csproj", "{6F79E329-F6CD-4347-9979-DF826BEB2992}"
EndProject
Project("{FAE04EC0-301F-11D3-BF4B-00C04F79EFBC}") = "timeline.data", "timeline.data\timeline.data.csproj", "{0E5D8828-20A1-431B-A431-A967533E9453}"
EndProject
Global
	GlobalSection(SolutionConfigurationPlatforms) = preSolution
		Debug|Any CPU = Debug|Any CPU
		Release|Any CPU = Release|Any CPU
	EndGlobalSection
	GlobalSection(ProjectConfigurationPlatforms) = postSolution
		{3A6DB945-41DE-4F56-A6FE-F234E415D878}.Debug|Any CPU.ActiveCfg = Debug|Any CPU
		{3A6DB945-41DE-4F56-A6FE-F234E415D878}.Debug|Any CPU.Build.0 = Debug|Any CPU
		{3A6DB945-41DE-4F56-A6FE-F234E415D878}.Release|Any CPU.ActiveCfg = Release|Any CPU
		{3A6DB945-41DE-4F56-A6FE-F234E415D878}.Release|Any CPU.Build.0 = Release|Any CPU
		{6F79E329-F6CD-4347-9979-DF826BEB2992}.Debug|Any CPU.ActiveCfg = Debug|Any CPU
		{6F79E329-F6CD-4347-9979-DF826BEB2992}.Debug|Any CPU.Build.0 = Debug|Any CPU
		{6F79E329-F6CD-4347-9979-DF826BEB2992}.Release|Any CPU.ActiveCfg = Release|Any CPU
		{6F79E329-F6CD-4347-9979-DF826BEB2992}.Release|Any CPU.Build.0 = Release|Any CPU
		{0E5D8828-20A1-431B-A431-A967533E9453}.Debug|Any CPU.ActiveCfg = Debug|Any CPU
		{0E5D8828-20A1-431B-A431-A967533E9453}.Debug|Any CPU.Build.0 = Debug|Any CPU
		{0E5D8828-20A1-431B-A431-A967533E9453}.Release|Any CPU.ActiveCfg = Release|Any CPU
		{0E5D8828-20A1-431B-A431-A967533E9453}.Release|Any CPU.Build.0 = Release|Any CPU
	EndGlobalSection
	GlobalSection(SolutionProperties) = preSolution
		HideSolutionNode = FALSE
	EndGlobalSection
	GlobalSection(ExtensibilityGlobals) = postSolution
		SolutionGuid = {9022539F-AC1A-49EE-9715-D63709E46FE3}
	EndGlobalSection
EndGlobal
