
Microsoft Visual Studio Solution File, Format Version 12.00
# Visual Studio Version 17
VisualStudioVersion = 17.2.32602.215
MinimumVisualStudioVersion = 10.0.40219.1
Project("{2150E333-8FDC-42A3-9474-1A3956D46DE8}") = "Tests", "Tests", "{C90AF322-DD35-4AD3-B4C8-AC0DDAEF0530}"
EndProject
Project("{9A19103F-16F7-4668-BE54-9A1E7A4F7556}") = "TimelineApi.Tests", "tests\TimelineApi.Tests\TimelineApi.Tests.csproj", "{4A752B24-570A-48B8-86A2-924718C2CE3A}"
EndProject
Project("{9A19103F-16F7-4668-BE54-9A1E7A4F7556}") = "Application", "Application\Application.csproj", "{D7DC45F8-B4F2-4875-B81B-153BAAC6B082}"
EndProject
Project("{9A19103F-16F7-4668-BE54-9A1E7A4F7556}") = "WebApi", "WebApi\WebApi.csproj", "{643DF1BC-7FDC-44FA-A7FE-9A0C3354A044}"
EndProject
Project("{9A19103F-16F7-4668-BE54-9A1E7A4F7556}") = "Data", "Data\Data.csproj", "{0E48C75F-A7AC-4BD2-A590-9E177918D6CA}"
EndProject
Project("{2150E333-8FDC-42A3-9474-1A3956D46DE8}") = "Tools", "Tools", "{E041AC6F-7907-45E9-B625-AE65327452B1}"
EndProject
Project("{FAE04EC0-301F-11D3-BF4B-00C04F79EFBC}") = "BulkCreateTimelineEvents", "BulkCreateTimelineEvents\BulkCreateTimelineEvents.csproj", "{18459ED0-5E68-405A-A53B-0013C99B7161}"
EndProject
Global
	GlobalSection(SolutionConfigurationPlatforms) = preSolution
		Debug|Any CPU = Debug|Any CPU
		Release|Any CPU = Release|Any CPU
	EndGlobalSection
	GlobalSection(ProjectConfigurationPlatforms) = postSolution
		{4A752B24-570A-48B8-86A2-924718C2CE3A}.Debug|Any CPU.ActiveCfg = Debug|Any CPU
		{4A752B24-570A-48B8-86A2-924718C2CE3A}.Debug|Any CPU.Build.0 = Debug|Any CPU
		{4A752B24-570A-48B8-86A2-924718C2CE3A}.Release|Any CPU.ActiveCfg = Release|Any CPU
		{4A752B24-570A-48B8-86A2-924718C2CE3A}.Release|Any CPU.Build.0 = Release|Any CPU
		{D7DC45F8-B4F2-4875-B81B-153BAAC6B082}.Debug|Any CPU.ActiveCfg = Debug|Any CPU
		{D7DC45F8-B4F2-4875-B81B-153BAAC6B082}.Debug|Any CPU.Build.0 = Debug|Any CPU
		{D7DC45F8-B4F2-4875-B81B-153BAAC6B082}.Release|Any CPU.ActiveCfg = Release|Any CPU
		{D7DC45F8-B4F2-4875-B81B-153BAAC6B082}.Release|Any CPU.Build.0 = Release|Any CPU
		{643DF1BC-7FDC-44FA-A7FE-9A0C3354A044}.Debug|Any CPU.ActiveCfg = Debug|Any CPU
		{643DF1BC-7FDC-44FA-A7FE-9A0C3354A044}.Debug|Any CPU.Build.0 = Debug|Any CPU
		{643DF1BC-7FDC-44FA-A7FE-9A0C3354A044}.Release|Any CPU.ActiveCfg = Release|Any CPU
		{643DF1BC-7FDC-44FA-A7FE-9A0C3354A044}.Release|Any CPU.Build.0 = Release|Any CPU
		{0E48C75F-A7AC-4BD2-A590-9E177918D6CA}.Debug|Any CPU.ActiveCfg = Debug|Any CPU
		{0E48C75F-A7AC-4BD2-A590-9E177918D6CA}.Debug|Any CPU.Build.0 = Debug|Any CPU
		{0E48C75F-A7AC-4BD2-A590-9E177918D6CA}.Release|Any CPU.ActiveCfg = Release|Any CPU
		{0E48C75F-A7AC-4BD2-A590-9E177918D6CA}.Release|Any CPU.Build.0 = Release|Any CPU
		{18459ED0-5E68-405A-A53B-0013C99B7161}.Debug|Any CPU.ActiveCfg = Debug|Any CPU
		{18459ED0-5E68-405A-A53B-0013C99B7161}.Debug|Any CPU.Build.0 = Debug|Any CPU
		{18459ED0-5E68-405A-A53B-0013C99B7161}.Release|Any CPU.ActiveCfg = Release|Any CPU
		{18459ED0-5E68-405A-A53B-0013C99B7161}.Release|Any CPU.Build.0 = Release|Any CPU
	EndGlobalSection
	GlobalSection(SolutionProperties) = preSolution
		HideSolutionNode = FALSE
	EndGlobalSection
	GlobalSection(NestedProjects) = preSolution
		{4A752B24-570A-48B8-86A2-924718C2CE3A} = {C90AF322-DD35-4AD3-B4C8-AC0DDAEF0530}
		{18459ED0-5E68-405A-A53B-0013C99B7161} = {E041AC6F-7907-45E9-B625-AE65327452B1}
	EndGlobalSection
	GlobalSection(ExtensibilityGlobals) = postSolution
		SolutionGuid = {9022539F-AC1A-49EE-9715-D63709E46FE3}
	EndGlobalSection
EndGlobal
